
Microsoft Visual Studio Solution File, Format Version 12.00
# Visual Studio Version 16
VisualStudioVersion = 16.0.30011.22
MinimumVisualStudioVersion = 10.0.40219.1
Project("{FAE04EC0-301F-11D3-BF4B-00C04F79EFBC}") = "WPF.Practices.Binding", "WPF.Practices.Binding\WPF.Practices.Binding.csproj", "{1832D443-D5DE-4E6A-983F-B10812073A27}"
EndProject
Global
	GlobalSection(SolutionConfigurationPlatforms) = preSolution
		Debug|Any CPU = Debug|Any CPU
		Release|Any CPU = Release|Any CPU
	EndGlobalSection
	GlobalSection(ProjectConfigurationPlatforms) = postSolution
		{1832D443-D5DE-4E6A-983F-B10812073A27}.Debug|Any CPU.ActiveCfg = Debug|Any CPU
		{1832D443-D5DE-4E6A-983F-B10812073A27}.Debug|Any CPU.Build.0 = Debug|Any CPU
		{1832D443-D5DE-4E6A-983F-B10812073A27}.Release|Any CPU.ActiveCfg = Release|Any CPU
		{1832D443-D5DE-4E6A-983F-B10812073A27}.Release|Any CPU.Build.0 = Release|Any CPU
	EndGlobalSection
	GlobalSection(SolutionProperties) = preSolution
		HideSolutionNode = FALSE
	EndGlobalSection
	GlobalSection(ExtensibilityGlobals) = postSolution
		SolutionGuid = {C8DC6A23-475A-4244-A908-9FAF80EC954C}
	EndGlobalSection
EndGlobal
